
Microsoft Visual Studio Solution File, Format Version 12.00
# Visual Studio Version 17
VisualStudioVersion = 17.9.34622.214
MinimumVisualStudioVersion = 10.0.40219.1
Project("{FAE04EC0-301F-11D3-BF4B-00C04F79EFBC}") = "OFFICIAL_NEA", "OFFICIAL_NEA.csproj", "{5EB9E89B-564F-4D00-BBFD-998551D99570}"
EndProject
Global
	GlobalSection(SolutionConfigurationPlatforms) = preSolution
		Debug|Any CPU = Debug|Any CPU
		Release|Any CPU = Release|Any CPU
	EndGlobalSection
	GlobalSection(ProjectConfigurationPlatforms) = postSolution
		{5EB9E89B-564F-4D00-BBFD-998551D99570}.Debug|Any CPU.ActiveCfg = Debug|Any CPU
		{5EB9E89B-564F-4D00-BBFD-998551D99570}.Debug|Any CPU.Build.0 = Debug|Any CPU
		{5EB9E89B-564F-4D00-BBFD-998551D99570}.Release|Any CPU.ActiveCfg = Release|Any CPU
		{5EB9E89B-564F-4D00-BBFD-998551D99570}.Release|Any CPU.Build.0 = Release|Any CPU
	EndGlobalSection
	GlobalSection(SolutionProperties) = preSolution
		HideSolutionNode = FALSE
	EndGlobalSection
	GlobalSection(ExtensibilityGlobals) = postSolution
		SolutionGuid = {7A8882CE-2581-424A-AC5B-A12BF63619F9}
	EndGlobalSection
EndGlobal
